
Microsoft Visual Studio Solution File, Format Version 12.00
# Visual Studio Version 17
VisualStudioVersion = 17.5.002.0
MinimumVisualStudioVersion = 10.0.40219.1
Project("{9A19103F-16F7-4668-BE54-9A1E7A4F7556}") = "OnlineShopping", "OnlineShopping.csproj", "{C436D1D1-6A04-4F4D-9BC9-576C1B3F17D4}"
EndProject
Global
	GlobalSection(SolutionConfigurationPlatforms) = preSolution
		Debug|Any CPU = Debug|Any CPU
		Release|Any CPU = Release|Any CPU
	EndGlobalSection
	GlobalSection(ProjectConfigurationPlatforms) = postSolution
		{C436D1D1-6A04-4F4D-9BC9-576C1B3F17D4}.Debug|Any CPU.ActiveCfg = Debug|Any CPU
		{C436D1D1-6A04-4F4D-9BC9-576C1B3F17D4}.Debug|Any CPU.Build.0 = Debug|Any CPU
		{C436D1D1-6A04-4F4D-9BC9-576C1B3F17D4}.Release|Any CPU.ActiveCfg = Release|Any CPU
		{C436D1D1-6A04-4F4D-9BC9-576C1B3F17D4}.Release|Any CPU.Build.0 = Release|Any CPU
	EndGlobalSection
	GlobalSection(SolutionProperties) = preSolution
		HideSolutionNode = FALSE
	EndGlobalSection
	GlobalSection(ExtensibilityGlobals) = postSolution
		SolutionGuid = {871F1B5D-DB96-42F6-A88A-04628AF65E57}
	EndGlobalSection
EndGlobal
