
Microsoft Visual Studio Solution File, Format Version 12.00
# Visual Studio Version 17
VisualStudioVersion = 17.5.002.0
MinimumVisualStudioVersion = 10.0.40219.1
Project("{9A19103F-16F7-4668-BE54-9A1E7A4F7556}") = "OnlineWeb", "OnlineWeb.csproj", "{12F42B8D-1E48-49AF-AEF0-0ED85482A739}"
EndProject
Global
	GlobalSection(SolutionConfigurationPlatforms) = preSolution
		Debug|Any CPU = Debug|Any CPU
		Release|Any CPU = Release|Any CPU
	EndGlobalSection
	GlobalSection(ProjectConfigurationPlatforms) = postSolution
		{12F42B8D-1E48-49AF-AEF0-0ED85482A739}.Debug|Any CPU.ActiveCfg = Debug|Any CPU
		{12F42B8D-1E48-49AF-AEF0-0ED85482A739}.Debug|Any CPU.Build.0 = Debug|Any CPU
		{12F42B8D-1E48-49AF-AEF0-0ED85482A739}.Release|Any CPU.ActiveCfg = Release|Any CPU
		{12F42B8D-1E48-49AF-AEF0-0ED85482A739}.Release|Any CPU.Build.0 = Release|Any CPU
	EndGlobalSection
	GlobalSection(SolutionProperties) = preSolution
		HideSolutionNode = FALSE
	EndGlobalSection
	GlobalSection(ExtensibilityGlobals) = postSolution
		SolutionGuid = {10C17EC3-5F91-4343-85B7-EF917DF88473}
	EndGlobalSection
EndGlobal
